
Microsoft Visual Studio Solution File, Format Version 12.00
# Visual Studio Version 17
VisualStudioVersion = 17.1.32228.430
MinimumVisualStudioVersion = 10.0.40219.1
Project("{9A19103F-16F7-4668-BE54-9A1E7A4F7556}") = "SunnyUI", "SunnyUI\SunnyUI.csproj", "{AB1CB247-E20B-4CBE-B269-570ADDD96C53}"
EndProject
Project("{FAE04EC0-301F-11D3-BF4B-00C04F79EFBC}") = "SunnyUI.Demo", "SunnyUI.Demo\SunnyUI.Demo.csproj", "{6AE19B87-C2AA-4C56-BC26-1C343F30FF58}"
	ProjectSection(ProjectDependencies) = postProject
		{AB1CB247-E20B-4CBE-B269-570ADDD96C53} = {AB1CB247-E20B-4CBE-B269-570ADDD96C53}
	EndProjectSection
EndProject
Global
	GlobalSection(SolutionConfigurationPlatforms) = preSolution
		Debug|Any CPU = Debug|Any CPU
		Release|Any CPU = Release|Any CPU
	EndGlobalSection
	GlobalSection(ProjectConfigurationPlatforms) = postSolution
		{AB1CB247-E20B-4CBE-B269-570ADDD96C53}.Debug|Any CPU.ActiveCfg = Debug|Any CPU
		{AB1CB247-E20B-4CBE-B269-570ADDD96C53}.Debug|Any CPU.Build.0 = Debug|Any CPU
		{AB1CB247-E20B-4CBE-B269-570ADDD96C53}.Release|Any CPU.ActiveCfg = Release|Any CPU
		{AB1CB247-E20B-4CBE-B269-570ADDD96C53}.Release|Any CPU.Build.0 = Release|Any CPU
		{6AE19B87-C2AA-4C56-BC26-1C343F30FF58}.Debug|Any CPU.ActiveCfg = Debug|Any CPU
		{6AE19B87-C2AA-4C56-BC26-1C343F30FF58}.Debug|Any CPU.Build.0 = Debug|Any CPU
		{6AE19B87-C2AA-4C56-BC26-1C343F30FF58}.Release|Any CPU.ActiveCfg = Release|Any CPU
		{6AE19B87-C2AA-4C56-BC26-1C343F30FF58}.Release|Any CPU.Build.0 = Release|Any CPU
	EndGlobalSection
	GlobalSection(SolutionProperties) = preSolution
		HideSolutionNode = FALSE
	EndGlobalSection
	GlobalSection(ExtensibilityGlobals) = postSolution
		SolutionGuid = {6A916817-9F8C-4A1B-87CA-7DFD5453C40A}
	EndGlobalSection
EndGlobal
